// !$*UTF8*$!
{
	archiveVersion = 1;
	classes = {
	};
	objectVersion = 50;
	objects = {

/* Begin PBXBuildFile section */
		3458ACF3230CCB1E00190B31 /* YoutubePlaybackSpeed.entitlements in Resources */ = {isa = PBXBuildFile; fileRef = 3458ACF2230CCB1E00190B31 /* YoutubePlaybackSpeed.entitlements */; };
		3458ACF5230CCB1E00190B31 /* AppDelegate.swift in Sources */ = {isa = PBXBuildFile; fileRef = 3458ACF4230CCB1E00190B31 /* AppDelegate.swift */; };
		3458ACF8230CCB1E00190B31 /* Main.storyboard in Resources */ = {isa = PBXBuildFile; fileRef = 3458ACF6230CCB1E00190B31 /* Main.storyboard */; };
		3458ACFA230CCB1E00190B31 /* ViewController.swift in Sources */ = {isa = PBXBuildFile; fileRef = 3458ACF9230CCB1E00190B31 /* ViewController.swift */; };
		3458ACFC230CCB1E00190B31 /* Assets.xcassets in Resources */ = {isa = PBXBuildFile; fileRef = 3458ACFB230CCB1E00190B31 /* Assets.xcassets */; };
		3458AD03230CCB1E00190B31 /* YoutubePlaybackSpeed Extension.appex in Embed App Extensions */ = {isa = PBXBuildFile; fileRef = 3458AD02230CCB1E00190B31 /* YoutubePlaybackSpeed Extension.appex */; settings = {ATTRIBUTES = (RemoveHeadersOnCopy, ); }; };
		3458AD08230CCB1E00190B31 /* Cocoa.framework in Frameworks */ = {isa = PBXBuildFile; fileRef = 3458AD07230CCB1E00190B31 /* Cocoa.framework */; };
		3458AD0B230CCB1E00190B31 /* SafariExtensionHandler.swift in Sources */ = {isa = PBXBuildFile; fileRef = 3458AD0A230CCB1E00190B31 /* SafariExtensionHandler.swift */; };
		3458AD0D230CCB1E00190B31 /* SafariExtensionViewController.swift in Sources */ = {isa = PBXBuildFile; fileRef = 3458AD0C230CCB1E00190B31 /* SafariExtensionViewController.swift */; };
		3458AD10230CCB1E00190B31 /* SafariExtensionViewController.xib in Resources */ = {isa = PBXBuildFile; fileRef = 3458AD0E230CCB1E00190B31 /* SafariExtensionViewController.xib */; };
		3458AD13230CCB1E00190B31 /* script.js in Resources */ = {isa = PBXBuildFile; fileRef = 3458AD12230CCB1E00190B31 /* script.js */; };
		3458AD2B230CD46E00190B31 /* icon.png in Resources */ = {isa = PBXBuildFile; fileRef = 3458AD2A230CD46E00190B31 /* icon.png */; };
/* End PBXBuildFile section */

/* Begin PBXContainerItemProxy section */
		3458AD04230CCB1E00190B31 /* PBXContainerItemProxy */ = {
			isa = PBXContainerItemProxy;
			containerPortal = 3458ACE7230CCB1D00190B31 /* Project object */;
			proxyType = 1;
			remoteGlobalIDString = 3458AD01230CCB1E00190B31;
			remoteInfo = "YoutubePlaybackSpeed Extension";
		};
/* End PBXContainerItemProxy section */

/* Begin PBXCopyFilesBuildPhase section */
		3458AD1C230CCB1E00190B31 /* Embed App Extensions */ = {
			isa = PBXCopyFilesBuildPhase;
			buildActionMask = 2147483647;
			dstPath = "";
			dstSubfolderSpec = 13;
			files = (
				3458AD03230CCB1E00190B31 /* YoutubePlaybackSpeed Extension.appex in Embed App Extensions */,
			);
			name = "Embed App Extensions";
			runOnlyForDeploymentPostprocessing = 0;
		};
/* End PBXCopyFilesBuildPhase section */

/* Begin PBXFileReference section */
		3458ACEF230CCB1E00190B31 /* YoutubePlaybackSpeed.app */ = {isa = PBXFileReference; explicitFileType = wrapper.application; includeInIndex = 0; path = YoutubePlaybackSpeed.app; sourceTree = BUILT_PRODUCTS_DIR; };
		3458ACF2230CCB1E00190B31 /* YoutubePlaybackSpeed.entitlements */ = {isa = PBXFileReference; lastKnownFileType = text.plist.entitlements; path = YoutubePlaybackSpeed.entitlements; sourceTree = "<group>"; };
		3458ACF4230CCB1E00190B31 /* AppDelegate.swift */ = {isa = PBXFileReference; lastKnownFileType = sourcecode.swift; path = AppDelegate.swift; sourceTree = "<group>"; };
		3458ACF7230CCB1E00190B31 /* Base */ = {isa = PBXFileReference; lastKnownFileType = file.storyboard; name = Base; path = Base.lproj/Main.storyboard; sourceTree = "<group>"; };
		3458ACF9230CCB1E00190B31 /* ViewController.swift */ = {isa = PBXFileReference; lastKnownFileType = sourcecode.swift; path = ViewController.swift; sourceTree = "<group>"; };
		3458ACFB230CCB1E00190B31 /* Assets.xcassets */ = {isa = PBXFileReference; lastKnownFileType = folder.assetcatalog; path = Assets.xcassets; sourceTree = "<group>"; };
		3458ACFD230CCB1E00190B31 /* Info.plist */ = {isa = PBXFileReference; lastKnownFileType = text.plist.xml; path = Info.plist; sourceTree = "<group>"; };
		3458AD02230CCB1E00190B31 /* YoutubePlaybackSpeed Extension.appex */ = {isa = PBXFileReference; explicitFileType = "wrapper.app-extension"; includeInIndex = 0; path = "YoutubePlaybackSpeed Extension.appex"; sourceTree = BUILT_PRODUCTS_DIR; };
		3458AD07230CCB1E00190B31 /* Cocoa.framework */ = {isa = PBXFileReference; lastKnownFileType = wrapper.framework; name = Cocoa.framework; path = System/Library/Frameworks/Cocoa.framework; sourceTree = SDKROOT; };
		3458AD0A230CCB1E00190B31 /* SafariExtensionHandler.swift */ = {isa = PBXFileReference; lastKnownFileType = sourcecode.swift; path = SafariExtensionHandler.swift; sourceTree = "<group>"; };
		3458AD0C230CCB1E00190B31 /* SafariExtensionViewController.swift */ = {isa = PBXFileReference; lastKnownFileType = sourcecode.swift; path = SafariExtensionViewController.swift; sourceTree = "<group>"; };
		3458AD0F230CCB1E00190B31 /* Base */ = {isa = PBXFileReference; lastKnownFileType = file.xib; name = Base; path = Base.lproj/SafariExtensionViewController.xib; sourceTree = "<group>"; };
		3458AD11230CCB1E00190B31 /* Info.plist */ = {isa = PBXFileReference; lastKnownFileType = text.plist.xml; path = Info.plist; sourceTree = "<group>"; };
		3458AD12230CCB1E00190B31 /* script.js */ = {isa = PBXFileReference; lastKnownFileType = sourcecode.javascript; path = script.js; sourceTree = "<group>"; };
		3458AD16230CCB1E00190B31 /* YoutubePlaybackSpeed_Extension.entitlements */ = {isa = PBXFileReference; lastKnownFileType = text.plist.entitlements; path = YoutubePlaybackSpeed_Extension.entitlements; sourceTree = "<group>"; };
		3458AD2A230CD46E00190B31 /* icon.png */ = {isa = PBXFileReference; lastKnownFileType = image.png; path = icon.png; sourceTree = "<group>"; };
/* End PBXFileReference section */

/* Begin PBXFrameworksBuildPhase section */
		3458ACEC230CCB1E00190B31 /* Frameworks */ = {
			isa = PBXFrameworksBuildPhase;
			buildActionMask = 2147483647;
			files = (
			);
			runOnlyForDeploymentPostprocessing = 0;
		};
		3458ACFF230CCB1E00190B31 /* Frameworks */ = {
			isa = PBXFrameworksBuildPhase;
			buildActionMask = 2147483647;
			files = (
				3458AD08230CCB1E00190B31 /* Cocoa.framework in Frameworks */,
			);
			runOnlyForDeploymentPostprocessing = 0;
		};
/* End PBXFrameworksBuildPhase section */

/* Begin PBXGroup section */
		3458ACE6230CCB1D00190B31 = {
			isa = PBXGroup;
			children = (
				3458ACF1230CCB1E00190B31 /* YoutubePlaybackSpeed */,
				3458AD09230CCB1E00190B31 /* YoutubePlaybackSpeed Extension */,
				3458AD06230CCB1E00190B31 /* Frameworks */,
				3458ACF0230CCB1E00190B31 /* Products */,
			);
			sourceTree = "<group>";
		};
		3458ACF0230CCB1E00190B31 /* Products */ = {
			isa = PBXGroup;
			children = (
				3458ACEF230CCB1E00190B31 /* YoutubePlaybackSpeed.app */,
				3458AD02230CCB1E00190B31 /* YoutubePlaybackSpeed Extension.appex */,
			);
			name = Products;
			sourceTree = "<group>";
		};
		3458ACF1230CCB1E00190B31 /* YoutubePlaybackSpeed */ = {
			isa = PBXGroup;
			children = (
				3458ACF2230CCB1E00190B31 /* YoutubePlaybackSpeed.entitlements */,
				3458ACF4230CCB1E00190B31 /* AppDelegate.swift */,
				3458ACF6230CCB1E00190B31 /* Main.storyboard */,
				3458ACF9230CCB1E00190B31 /* ViewController.swift */,
				3458ACFB230CCB1E00190B31 /* Assets.xcassets */,
				3458ACFD230CCB1E00190B31 /* Info.plist */,
			);
			path = YoutubePlaybackSpeed;
			sourceTree = "<group>";
		};
		3458AD06230CCB1E00190B31 /* Frameworks */ = {
			isa = PBXGroup;
			children = (
				3458AD07230CCB1E00190B31 /* Cocoa.framework */,
			);
			name = Frameworks;
			sourceTree = "<group>";
		};
		3458AD09230CCB1E00190B31 /* YoutubePlaybackSpeed Extension */ = {
			isa = PBXGroup;
			children = (
				3458AD2A230CD46E00190B31 /* icon.png */,
				3458AD0A230CCB1E00190B31 /* SafariExtensionHandler.swift */,
				3458AD0C230CCB1E00190B31 /* SafariExtensionViewController.swift */,
				3458AD0E230CCB1E00190B31 /* SafariExtensionViewController.xib */,
				3458AD11230CCB1E00190B31 /* Info.plist */,
				3458AD12230CCB1E00190B31 /* script.js */,
				3458AD16230CCB1E00190B31 /* YoutubePlaybackSpeed_Extension.entitlements */,
			);
			path = "YoutubePlaybackSpeed Extension";
			sourceTree = "<group>";
		};
/* End PBXGroup section */

/* Begin PBXNativeTarget section */
		3458ACEE230CCB1E00190B31 /* YoutubePlaybackSpeed */ = {
			isa = PBXNativeTarget;
			buildConfigurationList = 3458AD1D230CCB1E00190B31 /* Build configuration list for PBXNativeTarget "YoutubePlaybackSpeed" */;
			buildPhases = (
				3458ACEB230CCB1E00190B31 /* Sources */,
				3458ACEC230CCB1E00190B31 /* Frameworks */,
				3458ACED230CCB1E00190B31 /* Resources */,
				3458AD1C230CCB1E00190B31 /* Embed App Extensions */,
			);
			buildRules = (
			);
			dependencies = (
				3458AD05230CCB1E00190B31 /* PBXTargetDependency */,
			);
			name = YoutubePlaybackSpeed;
			productName = YoutubePlaybackSpeed;
			productReference = 3458ACEF230CCB1E00190B31 /* YoutubePlaybackSpeed.app */;
			productType = "com.apple.product-type.application";
		};
		3458AD01230CCB1E00190B31 /* YoutubePlaybackSpeed Extension */ = {
			isa = PBXNativeTarget;
			buildConfigurationList = 3458AD19230CCB1E00190B31 /* Build configuration list for PBXNativeTarget "YoutubePlaybackSpeed Extension" */;
			buildPhases = (
				3458ACFE230CCB1E00190B31 /* Sources */,
				3458ACFF230CCB1E00190B31 /* Frameworks */,
				3458AD00230CCB1E00190B31 /* Resources */,
			);
			buildRules = (
			);
			dependencies = (
			);
			name = "YoutubePlaybackSpeed Extension";
			productName = "YoutubePlaybackSpeed Extension";
			productReference = 3458AD02230CCB1E00190B31 /* YoutubePlaybackSpeed Extension.appex */;
			productType = "com.apple.product-type.app-extension";
		};
/* End PBXNativeTarget section */

/* Begin PBXProject section */
		3458ACE7230CCB1D00190B31 /* Project object */ = {
			isa = PBXProject;
			attributes = {
				LastSwiftUpdateCheck = 1100;
				LastUpgradeCheck = 1100;
				ORGANIZATIONNAME = mikeynap.dev;
				TargetAttributes = {
					3458ACEE230CCB1E00190B31 = {
						CreatedOnToolsVersion = 11.0;
					};
					3458AD01230CCB1E00190B31 = {
						CreatedOnToolsVersion = 11.0;
					};
				};
			};
			buildConfigurationList = 3458ACEA230CCB1D00190B31 /* Build configuration list for PBXProject "YoutubePlaybackSpeed" */;
			compatibilityVersion = "Xcode 9.3";
			developmentRegion = en;
			hasScannedForEncodings = 0;
			knownRegions = (
				en,
				Base,
			);
			mainGroup = 3458ACE6230CCB1D00190B31;
			productRefGroup = 3458ACF0230CCB1E00190B31 /* Products */;
			projectDirPath = "";
			projectRoot = "";
			targets = (
				3458ACEE230CCB1E00190B31 /* YoutubePlaybackSpeed */,
				3458AD01230CCB1E00190B31 /* YoutubePlaybackSpeed Extension */,
			);
		};
/* End PBXProject section */

/* Begin PBXResourcesBuildPhase section */
		3458ACED230CCB1E00190B31 /* Resources */ = {
			isa = PBXResourcesBuildPhase;
			buildActionMask = 2147483647;
			files = (
				3458ACF3230CCB1E00190B31 /* YoutubePlaybackSpeed.entitlements in Resources */,
				3458ACFC230CCB1E00190B31 /* Assets.xcassets in Resources */,
				3458ACF8230CCB1E00190B31 /* Main.storyboard in Resources */,
			);
			runOnlyForDeploymentPostprocessing = 0;
		};
		3458AD00230CCB1E00190B31 /* Resources */ = {
			isa = PBXResourcesBuildPhase;
			buildActionMask = 2147483647;
			files = (
				3458AD2B230CD46E00190B31 /* icon.png in Resources */,
				3458AD10230CCB1E00190B31 /* SafariExtensionViewController.xib in Resources */,
				3458AD13230CCB1E00190B31 /* script.js in Resources */,
			);
			runOnlyForDeploymentPostprocessing = 0;
		};
/* End PBXResourcesBuildPhase section */

/* Begin PBXSourcesBuildPhase section */
		3458ACEB230CCB1E00190B31 /* Sources */ = {
			isa = PBXSourcesBuildPhase;
			buildActionMask = 2147483647;
			files = (
				3458ACFA230CCB1E00190B31 /* ViewController.swift in Sources */,
				3458ACF5230CCB1E00190B31 /* AppDelegate.swift in Sources */,
			);
			runOnlyForDeploymentPostprocessing = 0;
		};
		3458ACFE230CCB1E00190B31 /* Sources */ = {
			isa = PBXSourcesBuildPhase;
			buildActionMask = 2147483647;
			files = (
				3458AD0D230CCB1E00190B31 /* SafariExtensionViewController.swift in Sources */,
				3458AD0B230CCB1E00190B31 /* SafariExtensionHandler.swift in Sources */,
			);
			runOnlyForDeploymentPostprocessing = 0;
		};
/* End PBXSourcesBuildPhase section */

/* Begin PBXTargetDependency section */
		3458AD05230CCB1E00190B31 /* PBXTargetDependency */ = {
			isa = PBXTargetDependency;
			target = 3458AD01230CCB1E00190B31 /* YoutubePlaybackSpeed Extension */;
			targetProxy = 3458AD04230CCB1E00190B31 /* PBXContainerItemProxy */;
		};
/* End PBXTargetDependency section */

/* Begin PBXVariantGroup section */
		3458ACF6230CCB1E00190B31 /* Main.storyboard */ = {
			isa = PBXVariantGroup;
			children = (
				3458ACF7230CCB1E00190B31 /* Base */,
			);
			name = Main.storyboard;
			sourceTree = "<group>";
		};
		3458AD0E230CCB1E00190B31 /* SafariExtensionViewController.xib */ = {
			isa = PBXVariantGroup;
			children = (
				3458AD0F230CCB1E00190B31 /* Base */,
			);
			name = SafariExtensionViewController.xib;
			sourceTree = "<group>";
		};
/* End PBXVariantGroup section */

/* Begin XCBuildConfiguration section */
		3458AD17230CCB1E00190B31 /* Debug */ = {
			isa = XCBuildConfiguration;
			buildSettings = {
				ALWAYS_SEARCH_USER_PATHS = NO;
				CLANG_ANALYZER_NONNULL = YES;
				CLANG_ANALYZER_NUMBER_OBJECT_CONVERSION = YES_AGGRESSIVE;
				CLANG_CXX_LANGUAGE_STANDARD = "gnu++14";
				CLANG_CXX_LIBRARY = "libc++";
				CLANG_ENABLE_MODULES = YES;
				CLANG_ENABLE_OBJC_ARC = YES;
				CLANG_ENABLE_OBJC_WEAK = YES;
				CLANG_WARN_BLOCK_CAPTURE_AUTORELEASING = YES;
				CLANG_WARN_BOOL_CONVERSION = YES;
				CLANG_WARN_COMMA = YES;
				CLANG_WARN_CONSTANT_CONVERSION = YES;
				CLANG_WARN_DEPRECATED_OBJC_IMPLEMENTATIONS = YES;
				CLANG_WARN_DIRECT_OBJC_ISA_USAGE = YES_ERROR;
				CLANG_WARN_DOCUMENTATION_COMMENTS = YES;
				CLANG_WARN_EMPTY_BODY = YES;
				CLANG_WARN_ENUM_CONVERSION = YES;
				CLANG_WARN_INFINITE_RECURSION = YES;
				CLANG_WARN_INT_CONVERSION = YES;
				CLANG_WARN_NON_LITERAL_NULL_CONVERSION = YES;
				CLANG_WARN_OBJC_IMPLICIT_RETAIN_SELF = YES;
				CLANG_WARN_OBJC_LITERAL_CONVERSION = YES;
				CLANG_WARN_OBJC_ROOT_CLASS = YES_ERROR;
				CLANG_WARN_RANGE_LOOP_ANALYSIS = YES;
				CLANG_WARN_STRICT_PROTOTYPES = YES;
				CLANG_WARN_SUSPICIOUS_MOVE = YES;
				CLANG_WARN_UNGUARDED_AVAILABILITY = YES_AGGRESSIVE;
				CLANG_WARN_UNREACHABLE_CODE = YES;
				CLANG_WARN__DUPLICATE_METHOD_MATCH = YES;
				COPY_PHASE_STRIP = NO;
				DEBUG_INFORMATION_FORMAT = dwarf;
				ENABLE_STRICT_OBJC_MSGSEND = YES;
				ENABLE_TESTABILITY = YES;
				GCC_C_LANGUAGE_STANDARD = gnu11;
				GCC_DYNAMIC_NO_PIC = NO;
				GCC_NO_COMMON_BLOCKS = YES;
				GCC_OPTIMIZATION_LEVEL = 0;
				GCC_PREPROCESSOR_DEFINITIONS = (
					"DEBUG=1",
					"$(inherited)",
				);
				GCC_WARN_64_TO_32_BIT_CONVERSION = YES;
				GCC_WARN_ABOUT_RETURN_TYPE = YES_ERROR;
				GCC_WARN_UNDECLARED_SELECTOR = YES;
				GCC_WARN_UNINITIALIZED_AUTOS = YES_AGGRESSIVE;
				GCC_WARN_UNUSED_FUNCTION = YES;
				GCC_WARN_UNUSED_VARIABLE = YES;
				MACOSX_DEPLOYMENT_TARGET = 10.14;
				MTL_ENABLE_DEBUG_INFO = INCLUDE_SOURCE;
				MTL_FAST_MATH = YES;
				ONLY_ACTIVE_ARCH = YES;
				SDKROOT = macosx;
				SWIFT_ACTIVE_COMPILATION_CONDITIONS = DEBUG;
				SWIFT_OPTIMIZATION_LEVEL = "-Onone";
			};
			name = Debug;
		};
		3458AD18230CCB1E00190B31 /* Release */ = {
			isa = XCBuildConfiguration;
			buildSettings = {
				ALWAYS_SEARCH_USER_PATHS = NO;
				CLANG_ANALYZER_NONNULL = YES;
				CLANG_ANALYZER_NUMBER_OBJECT_CONVERSION = YES_AGGRESSIVE;
				CLANG_CXX_LANGUAGE_STANDARD = "gnu++14";
				CLANG_CXX_LIBRARY = "libc++";
				CLANG_ENABLE_MODULES = YES;
				CLANG_ENABLE_OBJC_ARC = YES;
				CLANG_ENABLE_OBJC_WEAK = YES;
				CLANG_WARN_BLOCK_CAPTURE_AUTORELEASING = YES;
				CLANG_WARN_BOOL_CONVERSION = YES;
				CLANG_WARN_COMMA = YES;
				CLANG_WARN_CONSTANT_CONVERSION = YES;
				CLANG_WARN_DEPRECATED_OBJC_IMPLEMENTATIONS = YES;
				CLANG_WARN_DIRECT_OBJC_ISA_USAGE = YES_ERROR;
				CLANG_WARN_DOCUMENTATION_COMMENTS = YES;
				CLANG_WARN_EMPTY_BODY = YES;
				CLANG_WARN_ENUM_CONVERSION = YES;
				CLANG_WARN_INFINITE_RECURSION = YES;
				CLANG_WARN_INT_CONVERSION = YES;
				CLANG_WARN_NON_LITERAL_NULL_CONVERSION = YES;
				CLANG_WARN_OBJC_IMPLICIT_RETAIN_SELF = YES;
				CLANG_WARN_OBJC_LITERAL_CONVERSION = YES;
				CLANG_WARN_OBJC_ROOT_CLASS = YES_ERROR;
				CLANG_WARN_RANGE_LOOP_ANALYSIS = YES;
				CLANG_WARN_STRICT_PROTOTYPES = YES;
				CLANG_WARN_SUSPICIOUS_MOVE = YES;
				CLANG_WARN_UNGUARDED_AVAILABILITY = YES_AGGRESSIVE;
				CLANG_WARN_UNREACHABLE_CODE = YES;
				CLANG_WARN__DUPLICATE_METHOD_MATCH = YES;
				COPY_PHASE_STRIP = NO;
				DEBUG_INFORMATION_FORMAT = "dwarf-with-dsym";
				ENABLE_NS_ASSERTIONS = NO;
				ENABLE_STRICT_OBJC_MSGSEND = YES;
				GCC_C_LANGUAGE_STANDARD = gnu11;
				GCC_NO_COMMON_BLOCKS = YES;
				GCC_WARN_64_TO_32_BIT_CONVERSION = YES;
				GCC_WARN_ABOUT_RETURN_TYPE = YES_ERROR;
				GCC_WARN_UNDECLARED_SELECTOR = YES;
				GCC_WARN_UNINITIALIZED_AUTOS = YES_AGGRESSIVE;
				GCC_WARN_UNUSED_FUNCTION = YES;
				GCC_WARN_UNUSED_VARIABLE = YES;
				MACOSX_DEPLOYMENT_TARGET = 10.14;
				MTL_ENABLE_DEBUG_INFO = NO;
				MTL_FAST_MATH = YES;
				SDKROOT = macosx;
				SWIFT_COMPILATION_MODE = wholemodule;
				SWIFT_OPTIMIZATION_LEVEL = "-O";
			};
			name = Release;
		};
		3458AD1A230CCB1E00190B31 /* Debug */ = {
			isa = XCBuildConfiguration;
			buildSettings = {
				CODE_SIGN_ENTITLEMENTS = "YoutubePlaybackSpeed Extension/YoutubePlaybackSpeed_Extension.entitlements";
				CODE_SIGN_STYLE = Automatic;
				DEVELOPMENT_TEAM = 2K3KVWQ6BZ;
				ENABLE_HARDENED_RUNTIME = YES;
				INFOPLIST_FILE = "YoutubePlaybackSpeed Extension/Info.plist";
				LD_RUNPATH_SEARCH_PATHS = (
					"$(inherited)",
					"@executable_path/../Frameworks",
					"@executable_path/../../../../Frameworks",
				);
				PRODUCT_BUNDLE_IDENTIFIER = "dev.mikeynap.YoutubePlaybackSpeed-Extension";
				PRODUCT_NAME = "$(TARGET_NAME)";
				SKIP_INSTALL = YES;
				SWIFT_VERSION = 5.0;
			};
			name = Debug;
		};
		3458AD1B230CCB1E00190B31 /* Release */ = {
			isa = XCBuildConfiguration;
			buildSettings = {
				CODE_SIGN_ENTITLEMENTS = "YoutubePlaybackSpeed Extension/YoutubePlaybackSpeed_Extension.entitlements";
				CODE_SIGN_STYLE = Automatic;
				DEVELOPMENT_TEAM = 2K3KVWQ6BZ;
				ENABLE_HARDENED_RUNTIME = YES;
				INFOPLIST_FILE = "YoutubePlaybackSpeed Extension/Info.plist";
				LD_RUNPATH_SEARCH_PATHS = (
					"$(inherited)",
					"@executable_path/../Frameworks",
					"@executable_path/../../../../Frameworks",
				);
				PRODUCT_BUNDLE_IDENTIFIER = "dev.mikeynap.YoutubePlaybackSpeed-Extension";
				PRODUCT_NAME = "$(TARGET_NAME)";
				SKIP_INSTALL = YES;
				SWIFT_VERSION = 5.0;
			};
			name = Release;
		};
		3458AD1E230CCB1E00190B31 /* Debug */ = {
			isa = XCBuildConfiguration;
			buildSettings = {
				ALWAYS_EMBED_SWIFT_STANDARD_LIBRARIES = YES;
				ASSETCATALOG_COMPILER_APPICON_NAME = AppIcon;
				CODE_SIGN_ENTITLEMENTS = YoutubePlaybackSpeed/YoutubePlaybackSpeed.entitlements;
				CODE_SIGN_STYLE = Automatic;
				COMBINE_HIDPI_IMAGES = YES;
				DEVELOPMENT_TEAM = 2K3KVWQ6BZ;
				ENABLE_HARDENED_RUNTIME = YES;
				INFOPLIST_FILE = YoutubePlaybackSpeed/Info.plist;
				LD_RUNPATH_SEARCH_PATHS = (
					"$(inherited)",
					"@executable_path/../Frameworks",
				);
				PRODUCT_BUNDLE_IDENTIFIER = dev.mikeynap.YoutubePlaybackSpeed;
				PRODUCT_NAME = "$(TARGET_NAME)";
				SWIFT_VERSION = 5.0;
			};
			name = Debug;
		};
		3458AD1F230CCB1E00190B31 /* Release */ = {
			isa = XCBuildConfiguration;
			buildSettings = {
				ALWAYS_EMBED_SWIFT_STANDARD_LIBRARIES = YES;
				ASSETCATALOG_COMPILER_APPICON_NAME = AppIcon;
				CODE_SIGN_ENTITLEMENTS = YoutubePlaybackSpeed/YoutubePlaybackSpeed.entitlements;
				CODE_SIGN_STYLE = Automatic;
				COMBINE_HIDPI_IMAGES = YES;
				DEVELOPMENT_TEAM = 2K3KVWQ6BZ;
				ENABLE_HARDENED_RUNTIME = YES;
				INFOPLIST_FILE = YoutubePlaybackSpeed/Info.plist;
				LD_RUNPATH_SEARCH_PATHS = (
					"$(inherited)",
					"@executable_path/../Frameworks",
				);
				PRODUCT_BUNDLE_IDENTIFIER = dev.mikeynap.YoutubePlaybackSpeed;
				PRODUCT_NAME = "$(TARGET_NAME)";
				SWIFT_VERSION = 5.0;
			};
			name = Release;
		};
/* End XCBuildConfiguration section */

/* Begin XCConfigurationList section */
		3458ACEA230CCB1D00190B31 /* Build configuration list for PBXProject "YoutubePlaybackSpeed" */ = {
			isa = XCConfigurationList;
			buildConfigurations = (
				3458AD17230CCB1E00190B31 /* Debug */,
				3458AD18230CCB1E00190B31 /* Release */,
			);
			defaultConfigurationIsVisible = 0;
			defaultConfigurationName = Release;
		};
		3458AD19230CCB1E00190B31 /* Build configuration list for PBXNativeTarget "YoutubePlaybackSpeed Extension" */ = {
			isa = XCConfigurationList;
			buildConfigurations = (
				3458AD1A230CCB1E00190B31 /* Debug */,
				3458AD1B230CCB1E00190B31 /* Release */,
			);
			defaultConfigurationIsVisible = 0;
			defaultConfigurationName = Release;
		};
		3458AD1D230CCB1E00190B31 /* Build configuration list for PBXNativeTarget "YoutubePlaybackSpeed" */ = {
			isa = XCConfigurationList;
			buildConfigurations = (
				3458AD1E230CCB1E00190B31 /* Debug */,
				3458AD1F230CCB1E00190B31 /* Release */,
			);
			defaultConfigurationIsVisible = 0;
			defaultConfigurationName = Release;
		};
/* End XCConfigurationList section */
	};
	rootObject = 3458ACE7230CCB1D00190B31 /* Project object */;
}
